// !$*UTF8*$!
{
	archiveVersion = 1;
	classes = {
	};
	objectVersion = 50;
	objects = {

/* Begin PBXBuildFile section */
		4DF0621426B7948F00A66B32 /* AppDelegate.swift in Sources */ = {isa = PBXBuildFile; fileRef = 4DF0621326B7948F00A66B32 /* AppDelegate.swift */; };
		4DF0621626B7948F00A66B32 /* SceneDelegate.swift in Sources */ = {isa = PBXBuildFile; fileRef = 4DF0621526B7948F00A66B32 /* SceneDelegate.swift */; };
		4DF0621826B7948F00A66B32 /* ViewController.swift in Sources */ = {isa = PBXBuildFile; fileRef = 4DF0621726B7948F00A66B32 /* ViewController.swift */; };
		4DF0621B26B7948F00A66B32 /* Main.storyboard in Resources */ = {isa = PBXBuildFile; fileRef = 4DF0621926B7948F00A66B32 /* Main.storyboard */; };
		4DF0621D26B7949200A66B32 /* Assets.xcassets in Resources */ = {isa = PBXBuildFile; fileRef = 4DF0621C26B7949200A66B32 /* Assets.xcassets */; };
		4DF0622026B7949200A66B32 /* LaunchScreen.storyboard in Resources */ = {isa = PBXBuildFile; fileRef = 4DF0621E26B7949200A66B32 /* LaunchScreen.storyboard */; };
		4DF0622B26B7949300A66B32 /* PreworkTests.swift in Sources */ = {isa = PBXBuildFile; fileRef = 4DF0622A26B7949300A66B32 /* PreworkTests.swift */; };
		4DF0623626B7949300A66B32 /* PreworkUITests.swift in Sources */ = {isa = PBXBuildFile; fileRef = 4DF0623526B7949300A66B32 /* PreworkUITests.swift */; };
/* End PBXBuildFile section */

/* Begin PBXContainerItemProxy section */
		4DF0622726B7949300A66B32 /* PBXContainerItemProxy */ = {
			isa = PBXContainerItemProxy;
			containerPortal = 4DF0620826B7948F00A66B32 /* Project object */;
			proxyType = 1;
			remoteGlobalIDString = 4DF0620F26B7948F00A66B32;
			remoteInfo = Prework;
		};
		4DF0623226B7949300A66B32 /* PBXContainerItemProxy */ = {
			isa = PBXContainerItemProxy;
			containerPortal = 4DF0620826B7948F00A66B32 /* Project object */;
			proxyType = 1;
			remoteGlobalIDString = 4DF0620F26B7948F00A66B32;
			remoteInfo = Prework;
		};
/* End PBXContainerItemProxy section */

/* Begin PBXFileReference section */
		4DF0621026B7948F00A66B32 /* Prework.app */ = {isa = PBXFileReference; explicitFileType = wrapper.application; includeInIndex = 0; path = Prework.app; sourceTree = BUILT_PRODUCTS_DIR; };
		4DF0621326B7948F00A66B32 /* AppDelegate.swift */ = {isa = PBXFileReference; lastKnownFileType = sourcecode.swift; path = AppDelegate.swift; sourceTree = "<group>"; };
		4DF0621526B7948F00A66B32 /* SceneDelegate.swift */ = {isa = PBXFileReference; lastKnownFileType = sourcecode.swift; path = SceneDelegate.swift; sourceTree = "<group>"; };
		4DF0621726B7948F00A66B32 /* ViewController.swift */ = {isa = PBXFileReference; lastKnownFileType = sourcecode.swift; path = ViewController.swift; sourceTree = "<group>"; };
		4DF0621A26B7948F00A66B32 /* Base */ = {isa = PBXFileReference; lastKnownFileType = file.storyboard; name = Base; path = Base.lproj/Main.storyboard; sourceTree = "<group>"; };
		4DF0621C26B7949200A66B32 /* Assets.xcassets */ = {isa = PBXFileReference; lastKnownFileType = folder.assetcatalog; path = Assets.xcassets; sourceTree = "<group>"; };
		4DF0621F26B7949200A66B32 /* Base */ = {isa = PBXFileReference; lastKnownFileType = file.storyboard; name = Base; path = Base.lproj/LaunchScreen.storyboard; sourceTree = "<group>"; };
		4DF0622126B7949200A66B32 /* Info.plist */ = {isa = PBXFileReference; lastKnownFileType = text.plist.xml; path = Info.plist; sourceTree = "<group>"; };
		4DF0622626B7949300A66B32 /* PreworkTests.xctest */ = {isa = PBXFileReference; explicitFileType = wrapper.cfbundle; includeInIndex = 0; path = PreworkTests.xctest; sourceTree = BUILT_PRODUCTS_DIR; };
		4DF0622A26B7949300A66B32 /* PreworkTests.swift */ = {isa = PBXFileReference; lastKnownFileType = sourcecode.swift; path = PreworkTests.swift; sourceTree = "<group>"; };
		4DF0622C26B7949300A66B32 /* Info.plist */ = {isa = PBXFileReference; lastKnownFileType = text.plist.xml; path = Info.plist; sourceTree = "<group>"; };
		4DF0623126B7949300A66B32 /* PreworkUITests.xctest */ = {isa = PBXFileReference; explicitFileType = wrapper.cfbundle; includeInIndex = 0; path = PreworkUITests.xctest; sourceTree = BUILT_PRODUCTS_DIR; };
		4DF0623526B7949300A66B32 /* PreworkUITests.swift */ = {isa = PBXFileReference; lastKnownFileType = sourcecode.swift; path = PreworkUITests.swift; sourceTree = "<group>"; };
		4DF0623726B7949300A66B32 /* Info.plist */ = {isa = PBXFileReference; lastKnownFileType = text.plist.xml; path = Info.plist; sourceTree = "<group>"; };
/* End PBXFileReference section */

/* Begin PBXFrameworksBuildPhase section */
		4DF0620D26B7948F00A66B32 /* Frameworks */ = {
			isa = PBXFrameworksBuildPhase;
			buildActionMask = 2147483647;
			files = (
			);
			runOnlyForDeploymentPostprocessing = 0;
		};
		4DF0622326B7949300A66B32 /* Frameworks */ = {
			isa = PBXFrameworksBuildPhase;
			buildActionMask = 2147483647;
			files = (
			);
			runOnlyForDeploymentPostprocessing = 0;
		};
		4DF0622E26B7949300A66B32 /* Frameworks */ = {
			isa = PBXFrameworksBuildPhase;
			buildActionMask = 2147483647;
			files = (
			);
			runOnlyForDeploymentPostprocessing = 0;
		};
/* End PBXFrameworksBuildPhase section */

/* Begin PBXGroup section */
		4DF0620726B7948F00A66B32 = {
			isa = PBXGroup;
			children = (
				4DF0621226B7948F00A66B32 /* Prework */,
				4DF0622926B7949300A66B32 /* PreworkTests */,
				4DF0623426B7949300A66B32 /* PreworkUITests */,
				4DF0621126B7948F00A66B32 /* Products */,
			);
			sourceTree = "<group>";
		};
		4DF0621126B7948F00A66B32 /* Products */ = {
			isa = PBXGroup;
			children = (
				4DF0621026B7948F00A66B32 /* Prework.app */,
				4DF0622626B7949300A66B32 /* PreworkTests.xctest */,
				4DF0623126B7949300A66B32 /* PreworkUITests.xctest */,
			);
			name = Products;
			sourceTree = "<group>";
		};
		4DF0621226B7948F00A66B32 /* Prework */ = {
			isa = PBXGroup;
			children = (
				4DF0621326B7948F00A66B32 /* AppDelegate.swift */,
				4DF0621526B7948F00A66B32 /* SceneDelegate.swift */,
				4DF0621726B7948F00A66B32 /* ViewController.swift */,
				4DF0621926B7948F00A66B32 /* Main.storyboard */,
				4DF0621C26B7949200A66B32 /* Assets.xcassets */,
				4DF0621E26B7949200A66B32 /* LaunchScreen.storyboard */,
				4DF0622126B7949200A66B32 /* Info.plist */,
			);
			path = Prework;
			sourceTree = "<group>";
		};
		4DF0622926B7949300A66B32 /* PreworkTests */ = {
			isa = PBXGroup;
			children = (
				4DF0622A26B7949300A66B32 /* PreworkTests.swift */,
				4DF0622C26B7949300A66B32 /* Info.plist */,
			);
			path = PreworkTests;
			sourceTree = "<group>";
		};
		4DF0623426B7949300A66B32 /* PreworkUITests */ = {
			isa = PBXGroup;
			children = (
				4DF0623526B7949300A66B32 /* PreworkUITests.swift */,
				4DF0623726B7949300A66B32 /* Info.plist */,
			);
			path = PreworkUITests;
			sourceTree = "<group>";
		};
/* End PBXGroup section */

/* Begin PBXNativeTarget section */
		4DF0620F26B7948F00A66B32 /* Prework */ = {
			isa = PBXNativeTarget;
			buildConfigurationList = 4DF0623A26B7949300A66B32 /* Build configuration list for PBXNativeTarget "Prework" */;
			buildPhases = (
				4DF0620C26B7948F00A66B32 /* Sources */,
				4DF0620D26B7948F00A66B32 /* Frameworks */,
				4DF0620E26B7948F00A66B32 /* Resources */,
			);
			buildRules = (
			);
			dependencies = (
			);
			name = Prework;
			productName = Prework;
			productReference = 4DF0621026B7948F00A66B32 /* Prework.app */;
			productType = "com.apple.product-type.application";
		};
		4DF0622526B7949300A66B32 /* PreworkTests */ = {
			isa = PBXNativeTarget;
			buildConfigurationList = 4DF0623D26B7949300A66B32 /* Build configuration list for PBXNativeTarget "PreworkTests" */;
			buildPhases = (
				4DF0622226B7949300A66B32 /* Sources */,
				4DF0622326B7949300A66B32 /* Frameworks */,
				4DF0622426B7949300A66B32 /* Resources */,
			);
			buildRules = (
			);
			dependencies = (
				4DF0622826B7949300A66B32 /* PBXTargetDependency */,
			);
			name = PreworkTests;
			productName = PreworkTests;
			productReference = 4DF0622626B7949300A66B32 /* PreworkTests.xctest */;
			productType = "com.apple.product-type.bundle.unit-test";
		};
		4DF0623026B7949300A66B32 /* PreworkUITests */ = {
			isa = PBXNativeTarget;
			buildConfigurationList = 4DF0624026B7949300A66B32 /* Build configuration list for PBXNativeTarget "PreworkUITests" */;
			buildPhases = (
				4DF0622D26B7949300A66B32 /* Sources */,
				4DF0622E26B7949300A66B32 /* Frameworks */,
				4DF0622F26B7949300A66B32 /* Resources */,
			);
			buildRules = (
			);
			dependencies = (
				4DF0623326B7949300A66B32 /* PBXTargetDependency */,
			);
			name = PreworkUITests;
			productName = PreworkUITests;
			productReference = 4DF0623126B7949300A66B32 /* PreworkUITests.xctest */;
			productType = "com.apple.product-type.bundle.ui-testing";
		};
/* End PBXNativeTarget section */

/* Begin PBXProject section */
		4DF0620826B7948F00A66B32 /* Project object */ = {
			isa = PBXProject;
			attributes = {
				LastSwiftUpdateCheck = 1250;
				LastUpgradeCheck = 1250;
				TargetAttributes = {
					4DF0620F26B7948F00A66B32 = {
						CreatedOnToolsVersion = 12.5.1;
					};
					4DF0622526B7949300A66B32 = {
						CreatedOnToolsVersion = 12.5.1;
						TestTargetID = 4DF0620F26B7948F00A66B32;
					};
					4DF0623026B7949300A66B32 = {
						CreatedOnToolsVersion = 12.5.1;
						TestTargetID = 4DF0620F26B7948F00A66B32;
					};
				};
			};
			buildConfigurationList = 4DF0620B26B7948F00A66B32 /* Build configuration list for PBXProject "Prework" */;
			compatibilityVersion = "Xcode 9.3";
			developmentRegion = en;
			hasScannedForEncodings = 0;
			knownRegions = (
				en,
				Base,
			);
			mainGroup = 4DF0620726B7948F00A66B32;
			productRefGroup = 4DF0621126B7948F00A66B32 /* Products */;
			projectDirPath = "";
			projectRoot = "";
			targets = (
				4DF0620F26B7948F00A66B32 /* Prework */,
				4DF0622526B7949300A66B32 /* PreworkTests */,
				4DF0623026B7949300A66B32 /* PreworkUITests */,
			);
		};
/* End PBXProject section */

/* Begin PBXResourcesBuildPhase section */
		4DF0620E26B7948F00A66B32 /* Resources */ = {
			isa = PBXResourcesBuildPhase;
			buildActionMask = 2147483647;
			files = (
				4DF0622026B7949200A66B32 /* LaunchScreen.storyboard in Resources */,
				4DF0621D26B7949200A66B32 /* Assets.xcassets in Resources */,
				4DF0621B26B7948F00A66B32 /* Main.storyboard in Resources */,
			);
			runOnlyForDeploymentPostprocessing = 0;
		};
		4DF0622426B7949300A66B32 /* Resources */ = {
			isa = PBXResourcesBuildPhase;
			buildActionMask = 2147483647;
			files = (
			);
			runOnlyForDeploymentPostprocessing = 0;
		};
		4DF0622F26B7949300A66B32 /* Resources */ = {
			isa = PBXResourcesBuildPhase;
			buildActionMask = 2147483647;
			files = (
			);
			runOnlyForDeploymentPostprocessing = 0;
		};
/* End PBXResourcesBuildPhase section */

/* Begin PBXSourcesBuildPhase section */
		4DF0620C26B7948F00A66B32 /* Sources */ = {
			isa = PBXSourcesBuildPhase;
			buildActionMask = 2147483647;
			files = (
				4DF0621826B7948F00A66B32 /* ViewController.swift in Sources */,
				4DF0621426B7948F00A66B32 /* AppDelegate.swift in Sources */,
				4DF0621626B7948F00A66B32 /* SceneDelegate.swift in Sources */,
			);
			runOnlyForDeploymentPostprocessing = 0;
		};
		4DF0622226B7949300A66B32 /* Sources */ = {
			isa = PBXSourcesBuildPhase;
			buildActionMask = 2147483647;
			files = (
				4DF0622B26B7949300A66B32 /* PreworkTests.swift in Sources */,
			);
			runOnlyForDeploymentPostprocessing = 0;
		};
		4DF0622D26B7949300A66B32 /* Sources */ = {
			isa = PBXSourcesBuildPhase;
			buildActionMask = 2147483647;
			files = (
				4DF0623626B7949300A66B32 /* PreworkUITests.swift in Sources */,
			);
			runOnlyForDeploymentPostprocessing = 0;
		};
/* End PBXSourcesBuildPhase section */

/* Begin PBXTargetDependency section */
		4DF0622826B7949300A66B32 /* PBXTargetDependency */ = {
			isa = PBXTargetDependency;
			target = 4DF0620F26B7948F00A66B32 /* Prework */;
			targetProxy = 4DF0622726B7949300A66B32 /* PBXContainerItemProxy */;
		};
		4DF0623326B7949300A66B32 /* PBXTargetDependency */ = {
			isa = PBXTargetDependency;
			target = 4DF0620F26B7948F00A66B32 /* Prework */;
			targetProxy = 4DF0623226B7949300A66B32 /* PBXContainerItemProxy */;
		};
/* End PBXTargetDependency section */

/* Begin PBXVariantGroup section */
		4DF0621926B7948F00A66B32 /* Main.storyboard */ = {
			isa = PBXVariantGroup;
			children = (
				4DF0621A26B7948F00A66B32 /* Base */,
			);
			name = Main.storyboard;
			sourceTree = "<group>";
		};
		4DF0621E26B7949200A66B32 /* LaunchScreen.storyboard */ = {
			isa = PBXVariantGroup;
			children = (
				4DF0621F26B7949200A66B32 /* Base */,
			);
			name = LaunchScreen.storyboard;
			sourceTree = "<group>";
		};
/* End PBXVariantGroup section */

/* Begin XCBuildConfiguration section */
		4DF0623826B7949300A66B32 /* Debug */ = {
			isa = XCBuildConfiguration;
			buildSettings = {
				ALWAYS_SEARCH_USER_PATHS = NO;
				CLANG_ANALYZER_NONNULL = YES;
				CLANG_ANALYZER_NUMBER_OBJECT_CONVERSION = YES_AGGRESSIVE;
				CLANG_CXX_LANGUAGE_STANDARD = "gnu++14";
				CLANG_CXX_LIBRARY = "libc++";
				CLANG_ENABLE_MODULES = YES;
				CLANG_ENABLE_OBJC_ARC = YES;
				CLANG_ENABLE_OBJC_WEAK = YES;
				CLANG_WARN_BLOCK_CAPTURE_AUTORELEASING = YES;
				CLANG_WARN_BOOL_CONVERSION = YES;
				CLANG_WARN_COMMA = YES;
				CLANG_WARN_CONSTANT_CONVERSION = YES;
				CLANG_WARN_DEPRECATED_OBJC_IMPLEMENTATIONS = YES;
				CLANG_WARN_DIRECT_OBJC_ISA_USAGE = YES_ERROR;
				CLANG_WARN_DOCUMENTATION_COMMENTS = YES;
				CLANG_WARN_EMPTY_BODY = YES;
				CLANG_WARN_ENUM_CONVERSION = YES;
				CLANG_WARN_INFINITE_RECURSION = YES;
				CLANG_WARN_INT_CONVERSION = YES;
				CLANG_WARN_NON_LITERAL_NULL_CONVERSION = YES;
				CLANG_WARN_OBJC_IMPLICIT_RETAIN_SELF = YES;
				CLANG_WARN_OBJC_LITERAL_CONVERSION = YES;
				CLANG_WARN_OBJC_ROOT_CLASS = YES_ERROR;
				CLANG_WARN_QUOTED_INCLUDE_IN_FRAMEWORK_HEADER = YES;
				CLANG_WARN_RANGE_LOOP_ANALYSIS = YES;
				CLANG_WARN_STRICT_PROTOTYPES = YES;
				CLANG_WARN_SUSPICIOUS_MOVE = YES;
				CLANG_WARN_UNGUARDED_AVAILABILITY = YES_AGGRESSIVE;
				CLANG_WARN_UNREACHABLE_CODE = YES;
				CLANG_WARN__DUPLICATE_METHOD_MATCH = YES;
				COPY_PHASE_STRIP = NO;
				DEBUG_INFORMATION_FORMAT = dwarf;
				ENABLE_STRICT_OBJC_MSGSEND = YES;
				ENABLE_TESTABILITY = YES;
				GCC_C_LANGUAGE_STANDARD = gnu11;
				GCC_DYNAMIC_NO_PIC = NO;
				GCC_NO_COMMON_BLOCKS = YES;
				GCC_OPTIMIZATION_LEVEL = 0;
				GCC_PREPROCESSOR_DEFINITIONS = (
					"DEBUG=1",
					"$(inherited)",
				);
				GCC_WARN_64_TO_32_BIT_CONVERSION = YES;
				GCC_WARN_ABOUT_RETURN_TYPE = YES_ERROR;
				GCC_WARN_UNDECLARED_SELECTOR = YES;
				GCC_WARN_UNINITIALIZED_AUTOS = YES_AGGRESSIVE;
				GCC_WARN_UNUSED_FUNCTION = YES;
				GCC_WARN_UNUSED_VARIABLE = YES;
				IPHONEOS_DEPLOYMENT_TARGET = 14.5;
				MTL_ENABLE_DEBUG_INFO = INCLUDE_SOURCE;
				MTL_FAST_MATH = YES;
				ONLY_ACTIVE_ARCH = YES;
				SDKROOT = iphoneos;
				SWIFT_ACTIVE_COMPILATION_CONDITIONS = DEBUG;
				SWIFT_OPTIMIZATION_LEVEL = "-Onone";
			};
			name = Debug;
		};
		4DF0623926B7949300A66B32 /* Release */ = {
			isa = XCBuildConfiguration;
			buildSettings = {
				ALWAYS_SEARCH_USER_PATHS = NO;
				CLANG_ANALYZER_NONNULL = YES;
				CLANG_ANALYZER_NUMBER_OBJECT_CONVERSION = YES_AGGRESSIVE;
				CLANG_CXX_LANGUAGE_STANDARD = "gnu++14";
				CLANG_CXX_LIBRARY = "libc++";
				CLANG_ENABLE_MODULES = YES;
				CLANG_ENABLE_OBJC_ARC = YES;
				CLANG_ENABLE_OBJC_WEAK = YES;
				CLANG_WARN_BLOCK_CAPTURE_AUTORELEASING = YES;
				CLANG_WARN_BOOL_CONVERSION = YES;
				CLANG_WARN_COMMA = YES;
				CLANG_WARN_CONSTANT_CONVERSION = YES;
				CLANG_WARN_DEPRECATED_OBJC_IMPLEMENTATIONS = YES;
				CLANG_WARN_DIRECT_OBJC_ISA_USAGE = YES_ERROR;
				CLANG_WARN_DOCUMENTATION_COMMENTS = YES;
				CLANG_WARN_EMPTY_BODY = YES;
				CLANG_WARN_ENUM_CONVERSION = YES;
				CLANG_WARN_INFINITE_RECURSION = YES;
				CLANG_WARN_INT_CONVERSION = YES;
				CLANG_WARN_NON_LITERAL_NULL_CONVERSION = YES;
				CLANG_WARN_OBJC_IMPLICIT_RETAIN_SELF = YES;
				CLANG_WARN_OBJC_LITERAL_CONVERSION = YES;
				CLANG_WARN_OBJC_ROOT_CLASS = YES_ERROR;
				CLANG_WARN_QUOTED_INCLUDE_IN_FRAMEWORK_HEADER = YES;
				CLANG_WARN_RANGE_LOOP_ANALYSIS = YES;
				CLANG_WARN_STRICT_PROTOTYPES = YES;
				CLANG_WARN_SUSPICIOUS_MOVE = YES;
				CLANG_WARN_UNGUARDED_AVAILABILITY = YES_AGGRESSIVE;
				CLANG_WARN_UNREACHABLE_CODE = YES;
				CLANG_WARN__DUPLICATE_METHOD_MATCH = YES;
				COPY_PHASE_STRIP = NO;
				DEBUG_INFORMATION_FORMAT = "dwarf-with-dsym";
				ENABLE_NS_ASSERTIONS = NO;
				ENABLE_STRICT_OBJC_MSGSEND = YES;
				GCC_C_LANGUAGE_STANDARD = gnu11;
				GCC_NO_COMMON_BLOCKS = YES;
				GCC_WARN_64_TO_32_BIT_CONVERSION = YES;
				GCC_WARN_ABOUT_RETURN_TYPE = YES_ERROR;
				GCC_WARN_UNDECLARED_SELECTOR = YES;
				GCC_WARN_UNINITIALIZED_AUTOS = YES_AGGRESSIVE;
				GCC_WARN_UNUSED_FUNCTION = YES;
				GCC_WARN_UNUSED_VARIABLE = YES;
				IPHONEOS_DEPLOYMENT_TARGET = 14.5;
				MTL_ENABLE_DEBUG_INFO = NO;
				MTL_FAST_MATH = YES;
				SDKROOT = iphoneos;
				SWIFT_COMPILATION_MODE = wholemodule;
				SWIFT_OPTIMIZATION_LEVEL = "-O";
				VALIDATE_PRODUCT = YES;
			};
			name = Release;
		};
		4DF0623B26B7949300A66B32 /* Debug */ = {
			isa = XCBuildConfiguration;
			buildSettings = {
				ASSETCATALOG_COMPILER_APPICON_NAME = AppIcon;
				ASSETCATALOG_COMPILER_GLOBAL_ACCENT_COLOR_NAME = AccentColor;
				CODE_SIGN_STYLE = Automatic;
				DEVELOPMENT_TEAM = 3H8494N954;
				INFOPLIST_FILE = Prework/Info.plist;
				LD_RUNPATH_SEARCH_PATHS = (
					"$(inherited)",
					"@executable_path/Frameworks",
				);
				PRODUCT_BUNDLE_IDENTIFIER = com.orangi.Prework;
				PRODUCT_NAME = "$(TARGET_NAME)";
				SWIFT_VERSION = 5.0;
				TARGETED_DEVICE_FAMILY = "1,2";
			};
			name = Debug;
		};
		4DF0623C26B7949300A66B32 /* Release */ = {
			isa = XCBuildConfiguration;
			buildSettings = {
				ASSETCATALOG_COMPILER_APPICON_NAME = AppIcon;
				ASSETCATALOG_COMPILER_GLOBAL_ACCENT_COLOR_NAME = AccentColor;
				CODE_SIGN_STYLE = Automatic;
				DEVELOPMENT_TEAM = 3H8494N954;
				INFOPLIST_FILE = Prework/Info.plist;
				LD_RUNPATH_SEARCH_PATHS = (
					"$(inherited)",
					"@executable_path/Frameworks",
				);
				PRODUCT_BUNDLE_IDENTIFIER = com.orangi.Prework;
				PRODUCT_NAME = "$(TARGET_NAME)";
				SWIFT_VERSION = 5.0;
				TARGETED_DEVICE_FAMILY = "1,2";
			};
			name = Release;
		};
		4DF0623E26B7949300A66B32 /* Debug */ = {
			isa = XCBuildConfiguration;
			buildSettings = {
				ALWAYS_EMBED_SWIFT_STANDARD_LIBRARIES = YES;
				BUNDLE_LOADER = "$(TEST_HOST)";
				CODE_SIGN_STYLE = Automatic;
				DEVELOPMENT_TEAM = 3H8494N954;
				INFOPLIST_FILE = PreworkTests/Info.plist;
				IPHONEOS_DEPLOYMENT_TARGET = 14.5;
				LD_RUNPATH_SEARCH_PATHS = (
					"$(inherited)",
					"@executable_path/Frameworks",
					"@loader_path/Frameworks",
				);
				PRODUCT_BUNDLE_IDENTIFIER = com.orangi.PreworkTests;
				PRODUCT_NAME = "$(TARGET_NAME)";
				SWIFT_VERSION = 5.0;
				TARGETED_DEVICE_FAMILY = "1,2";
				TEST_HOST = "$(BUILT_PRODUCTS_DIR)/Prework.app/Prework";
			};
			name = Debug;
		};
		4DF0623F26B7949300A66B32 /* Release */ = {
			isa = XCBuildConfiguration;
			buildSettings = {
				ALWAYS_EMBED_SWIFT_STANDARD_LIBRARIES = YES;
				BUNDLE_LOADER = "$(TEST_HOST)";
				CODE_SIGN_STYLE = Automatic;
				DEVELOPMENT_TEAM = 3H8494N954;
				INFOPLIST_FILE = PreworkTests/Info.plist;
				IPHONEOS_DEPLOYMENT_TARGET = 14.5;
				LD_RUNPATH_SEARCH_PATHS = (
					"$(inherited)",
					"@executable_path/Frameworks",
					"@loader_path/Frameworks",
				);
				PRODUCT_BUNDLE_IDENTIFIER = com.orangi.PreworkTests;
				PRODUCT_NAME = "$(TARGET_NAME)";
				SWIFT_VERSION = 5.0;
				TARGETED_DEVICE_FAMILY = "1,2";
				TEST_HOST = "$(BUILT_PRODUCTS_DIR)/Prework.app/Prework";
			};
			name = Release;
		};
		4DF0624126B7949300A66B32 /* Debug */ = {
			isa = XCBuildConfiguration;
			buildSettings = {
				ALWAYS_EMBED_SWIFT_STANDARD_LIBRARIES = YES;
				CODE_SIGN_STYLE = Automatic;
				DEVELOPMENT_TEAM = 3H8494N954;
				INFOPLIST_FILE = PreworkUITests/Info.plist;
				LD_RUNPATH_SEARCH_PATHS = (
					"$(inherited)",
					"@executable_path/Frameworks",
					"@loader_path/Frameworks",
				);
				PRODUCT_BUNDLE_IDENTIFIER = com.orangi.PreworkUITests;
				PRODUCT_NAME = "$(TARGET_NAME)";
				SWIFT_VERSION = 5.0;
				TARGETED_DEVICE_FAMILY = "1,2";
				TEST_TARGET_NAME = Prework;
			};
			name = Debug;
		};
		4DF0624226B7949300A66B32 /* Release */ = {
			isa = XCBuildConfiguration;
			buildSettings = {
				ALWAYS_EMBED_SWIFT_STANDARD_LIBRARIES = YES;
				CODE_SIGN_STYLE = Automatic;
				DEVELOPMENT_TEAM = 3H8494N954;
				INFOPLIST_FILE = PreworkUITests/Info.plist;
				LD_RUNPATH_SEARCH_PATHS = (
					"$(inherited)",
					"@executable_path/Frameworks",
					"@loader_path/Frameworks",
				);
				PRODUCT_BUNDLE_IDENTIFIER = com.orangi.PreworkUITests;
				PRODUCT_NAME = "$(TARGET_NAME)";
				SWIFT_VERSION = 5.0;
				TARGETED_DEVICE_FAMILY = "1,2";
				TEST_TARGET_NAME = Prework;
			};
			name = Release;
		};
/* End XCBuildConfiguration section */

/* Begin XCConfigurationList section */
		4DF0620B26B7948F00A66B32 /* Build configuration list for PBXProject "Prework" */ = {
			isa = XCConfigurationList;
			buildConfigurations = (
				4DF0623826B7949300A66B32 /* Debug */,
				4DF0623926B7949300A66B32 /* Release */,
			);
			defaultConfigurationIsVisible = 0;
			defaultConfigurationName = Release;
		};
		4DF0623A26B7949300A66B32 /* Build configuration list for PBXNativeTarget "Prework" */ = {
			isa = XCConfigurationList;
			buildConfigurations = (
				4DF0623B26B7949300A66B32 /* Debug */,
				4DF0623C26B7949300A66B32 /* Release */,
			);
			defaultConfigurationIsVisible = 0;
			defaultConfigurationName = Release;
		};
		4DF0623D26B7949300A66B32 /* Build configuration list for PBXNativeTarget "PreworkTests" */ = {
			isa = XCConfigurationList;
			buildConfigurations = (
				4DF0623E26B7949300A66B32 /* Debug */,
				4DF0623F26B7949300A66B32 /* Release */,
			);
			defaultConfigurationIsVisible = 0;
			defaultConfigurationName = Release;
		};
		4DF0624026B7949300A66B32 /* Build configuration list for PBXNativeTarget "PreworkUITests" */ = {
			isa = XCConfigurationList;
			buildConfigurations = (
				4DF0624126B7949300A66B32 /* Debug */,
				4DF0624226B7949300A66B32 /* Release */,
			);
			defaultConfigurationIsVisible = 0;
			defaultConfigurationName = Release;
		};
/* End XCConfigurationList section */
	};
	rootObject = 4DF0620826B7948F00A66B32 /* Project object */;
}
